{
  "name": "pin-url",
  "version": "0.5.0",
  "lockfileVersion": 1,
  "requires": true,
  "dependencies": {
    "etch": {
      "version": "0.14.0",
      "resolved": "https://registry.npmjs.org/etch/-/etch-0.14.0.tgz",
      "integrity": "sha512-puqbFxz7lSm+YK6Q+bvRkNndRv6PRvGscSEhcFjmtL4nX/Az5rRCNPvK3aVTde85c/L5X0vI5kqfnpYddRalJQ=="
    },
    "event-kit": {
      "version": "2.5.0",
      "resolved": "https://registry.npmjs.org/event-kit/-/event-kit-2.5.0.tgz",
      "integrity": "sha512-tUDxeNC9JzN2Tw/f8mLtksY34v1hHmaR7lV7X4p04XSjaeUhFMfzjF6Nwov9e0EKGEx63BaKcgXKxjpQaPo0wg=="
    }
  }
}
